
Microsoft Visual Studio Solution File, Format Version 12.00
# Visual Studio 15
VisualStudioVersion = 15.0.28307.271
MinimumVisualStudioVersion = 10.0.40219.1
Project("{2150E333-8FDC-42A3-9474-1A3956D46DE8}") = "Ders1", "Ders1", "{5821057F-79E4-45EE-8416-2790BAEC4332}"
EndProject
Project("{FAE04EC0-301F-11D3-BF4B-00C04F79EFBC}") = "IlkMvcSayfam", "IlkMvcSayfam\IlkMvcSayfam.csproj", "{A391901D-5AAF-44BE-AA19-27C1B39BBBFD}"
EndProject
Project("{2150E333-8FDC-42A3-9474-1A3956D46DE8}") = "Ders2", "Ders2", "{D37B5EB8-6D10-4572-B89C-F1C9B19688EC}"
EndProject
Project("{FAE04EC0-301F-11D3-BF4B-00C04F79EFBC}") = "AjaxIslemler", "AjaxIslemler\AjaxIslemler.csproj", "{BDD8B8D3-6567-42B9-848B-5F51C8A0EBBE}"
EndProject
Project("{2150E333-8FDC-42A3-9474-1A3956D46DE8}") = "Ders3", "Ders3", "{17ADE5A5-CFE6-4B5D-95B0-346AD673F5E9}"
EndProject
Project("{FAE04EC0-301F-11D3-BF4B-00C04F79EFBC}") = "MVCExamples", "MVCExamples\MVCExamples.csproj", "{1384A5F1-78B0-4FC9-ABCE-45AAB7F6866B}"
EndProject
Project("{FAE04EC0-301F-11D3-BF4B-00C04F79EFBC}") = "WebSiteProject", "WebSiteProject\WebSiteProject.csproj", "{7F0D607A-68A8-4AC9-892A-6613DC4A53AC}"
EndProject
Project("{2150E333-8FDC-42A3-9474-1A3956D46DE8}") = "Ders4", "Ders4", "{F3B4D7BC-ED8C-4D19-94C2-D9E165F17521}"
EndProject
Project("{2150E333-8FDC-42A3-9474-1A3956D46DE8}") = "Tema", "Tema", "{243672E2-A58B-4A92-9DAA-ED906313914C}"
EndProject
Project("{2150E333-8FDC-42A3-9474-1A3956D46DE8}") = "Proje", "Proje", "{7EFA1136-AAAC-4C13-B432-24FC9F43776F}"
EndProject
Global
	GlobalSection(SolutionConfigurationPlatforms) = preSolution
		Debug|Any CPU = Debug|Any CPU
		Release|Any CPU = Release|Any CPU
	EndGlobalSection
	GlobalSection(ProjectConfigurationPlatforms) = postSolution
		{A391901D-5AAF-44BE-AA19-27C1B39BBBFD}.Debug|Any CPU.ActiveCfg = Debug|Any CPU
		{A391901D-5AAF-44BE-AA19-27C1B39BBBFD}.Debug|Any CPU.Build.0 = Debug|Any CPU
		{A391901D-5AAF-44BE-AA19-27C1B39BBBFD}.Release|Any CPU.ActiveCfg = Release|Any CPU
		{A391901D-5AAF-44BE-AA19-27C1B39BBBFD}.Release|Any CPU.Build.0 = Release|Any CPU
		{BDD8B8D3-6567-42B9-848B-5F51C8A0EBBE}.Debug|Any CPU.ActiveCfg = Debug|Any CPU
		{BDD8B8D3-6567-42B9-848B-5F51C8A0EBBE}.Debug|Any CPU.Build.0 = Debug|Any CPU
		{BDD8B8D3-6567-42B9-848B-5F51C8A0EBBE}.Release|Any CPU.ActiveCfg = Release|Any CPU
		{BDD8B8D3-6567-42B9-848B-5F51C8A0EBBE}.Release|Any CPU.Build.0 = Release|Any CPU
		{1384A5F1-78B0-4FC9-ABCE-45AAB7F6866B}.Debug|Any CPU.ActiveCfg = Debug|Any CPU
		{1384A5F1-78B0-4FC9-ABCE-45AAB7F6866B}.Debug|Any CPU.Build.0 = Debug|Any CPU
		{1384A5F1-78B0-4FC9-ABCE-45AAB7F6866B}.Release|Any CPU.ActiveCfg = Release|Any CPU
		{1384A5F1-78B0-4FC9-ABCE-45AAB7F6866B}.Release|Any CPU.Build.0 = Release|Any CPU
		{7F0D607A-68A8-4AC9-892A-6613DC4A53AC}.Debug|Any CPU.ActiveCfg = Debug|Any CPU
		{7F0D607A-68A8-4AC9-892A-6613DC4A53AC}.Debug|Any CPU.Build.0 = Debug|Any CPU
		{7F0D607A-68A8-4AC9-892A-6613DC4A53AC}.Release|Any CPU.ActiveCfg = Release|Any CPU
		{7F0D607A-68A8-4AC9-892A-6613DC4A53AC}.Release|Any CPU.Build.0 = Release|Any CPU
	EndGlobalSection
	GlobalSection(SolutionProperties) = preSolution
		HideSolutionNode = FALSE
	EndGlobalSection
	GlobalSection(NestedProjects) = preSolution
		{A391901D-5AAF-44BE-AA19-27C1B39BBBFD} = {5821057F-79E4-45EE-8416-2790BAEC4332}
		{BDD8B8D3-6567-42B9-848B-5F51C8A0EBBE} = {D37B5EB8-6D10-4572-B89C-F1C9B19688EC}
		{1384A5F1-78B0-4FC9-ABCE-45AAB7F6866B} = {17ADE5A5-CFE6-4B5D-95B0-346AD673F5E9}
		{7F0D607A-68A8-4AC9-892A-6613DC4A53AC} = {17ADE5A5-CFE6-4B5D-95B0-346AD673F5E9}
		{243672E2-A58B-4A92-9DAA-ED906313914C} = {F3B4D7BC-ED8C-4D19-94C2-D9E165F17521}
		{7EFA1136-AAAC-4C13-B432-24FC9F43776F} = {F3B4D7BC-ED8C-4D19-94C2-D9E165F17521}
	EndGlobalSection
	GlobalSection(ExtensibilityGlobals) = postSolution
		SolutionGuid = {E442A7B4-E887-40FA-858E-0EFA10D326E8}
	EndGlobalSection
EndGlobal
